
Microsoft Visual Studio Solution File, Format Version 12.00
# Visual Studio Version 17
VisualStudioVersion = 17.8.34330.188
MinimumVisualStudioVersion = 10.0.40219.1
Project("{FAE04EC0-301F-11D3-BF4B-00C04F79EFBC}") = "Finals2024", "Finals2024\Finals2024.csproj", "{D0A5B16A-0E67-4270-B92B-3A454C9367C3}"
EndProject
Global
	GlobalSection(SolutionConfigurationPlatforms) = preSolution
		Debug|Any CPU = Debug|Any CPU
		Release|Any CPU = Release|Any CPU
	EndGlobalSection
	GlobalSection(ProjectConfigurationPlatforms) = postSolution
		{D0A5B16A-0E67-4270-B92B-3A454C9367C3}.Debug|Any CPU.ActiveCfg = Debug|Any CPU
		{D0A5B16A-0E67-4270-B92B-3A454C9367C3}.Debug|Any CPU.Build.0 = Debug|Any CPU
		{D0A5B16A-0E67-4270-B92B-3A454C9367C3}.Release|Any CPU.ActiveCfg = Release|Any CPU
		{D0A5B16A-0E67-4270-B92B-3A454C9367C3}.Release|Any CPU.Build.0 = Release|Any CPU
	EndGlobalSection
	GlobalSection(SolutionProperties) = preSolution
		HideSolutionNode = FALSE
	EndGlobalSection
	GlobalSection(ExtensibilityGlobals) = postSolution
		SolutionGuid = {F250A609-A5BB-4504-BCFC-A0A06162C745}
	EndGlobalSection
EndGlobal
